
Microsoft Visual Studio Solution File, Format Version 12.00
# Visual Studio Version 17
VisualStudioVersion = 17.13.35825.156
MinimumVisualStudioVersion = 10.0.40219.1
Project("{FAE04EC0-301F-11D3-BF4B-00C04F79EFBC}") = "Quanlytaikhoan", "Quanlytaikhoan\Quanlytaikhoan.csproj", "{B1B8DB1C-D140-4DCD-B313-05E890B94041}"
EndProject
Global
	GlobalSection(SolutionConfigurationPlatforms) = preSolution
		Debug|Any CPU = Debug|Any CPU
		Release|Any CPU = Release|Any CPU
	EndGlobalSection
	GlobalSection(ProjectConfigurationPlatforms) = postSolution
		{B1B8DB1C-D140-4DCD-B313-05E890B94041}.Debug|Any CPU.ActiveCfg = Debug|Any CPU
		{B1B8DB1C-D140-4DCD-B313-05E890B94041}.Debug|Any CPU.Build.0 = Debug|Any CPU
		{B1B8DB1C-D140-4DCD-B313-05E890B94041}.Release|Any CPU.ActiveCfg = Release|Any CPU
		{B1B8DB1C-D140-4DCD-B313-05E890B94041}.Release|Any CPU.Build.0 = Release|Any CPU
	EndGlobalSection
	GlobalSection(SolutionProperties) = preSolution
		HideSolutionNode = FALSE
	EndGlobalSection
	GlobalSection(ExtensibilityGlobals) = postSolution
		SolutionGuid = {690CAFCC-A0AC-445C-A73A-80C7AEE6E647}
	EndGlobalSection
EndGlobal
