
Microsoft Visual Studio Solution File, Format Version 12.00
# Visual Studio Version 17
VisualStudioVersion = 17.8.34511.84
MinimumVisualStudioVersion = 10.0.40219.1
Project("{9A19103F-16F7-4668-BE54-9A1E7A4F7556}") = "Quanlytaikhoan", "Quanlytaikhoan.csproj", "{AB486523-FEA6-4267-9D59-EC50FB1CD34F}"
EndProject
Global
	GlobalSection(SolutionConfigurationPlatforms) = preSolution
		Debug|Any CPU = Debug|Any CPU
		Release|Any CPU = Release|Any CPU
	EndGlobalSection
	GlobalSection(ProjectConfigurationPlatforms) = postSolution
		{AB486523-FEA6-4267-9D59-EC50FB1CD34F}.Debug|Any CPU.ActiveCfg = Debug|Any CPU
		{AB486523-FEA6-4267-9D59-EC50FB1CD34F}.Debug|Any CPU.Build.0 = Debug|Any CPU
		{AB486523-FEA6-4267-9D59-EC50FB1CD34F}.Release|Any CPU.ActiveCfg = Release|Any CPU
		{AB486523-FEA6-4267-9D59-EC50FB1CD34F}.Release|Any CPU.Build.0 = Release|Any CPU
	EndGlobalSection
	GlobalSection(SolutionProperties) = preSolution
		HideSolutionNode = FALSE
	EndGlobalSection
	GlobalSection(ExtensibilityGlobals) = postSolution
		SolutionGuid = {2630EC1D-C8C4-4FA2-9C70-D112359271E0}
	EndGlobalSection
EndGlobal
